
Microsoft Visual Studio Solution File, Format Version 12.00
# Visual Studio Version 17
VisualStudioVersion = 17.14.36401.2 d17.14
MinimumVisualStudioVersion = 10.0.40219.1
Project("{FAE04EC0-301F-11D3-BF4B-00C04F79EFBC}") = "ANKETUYGULAMASI", "ANKETUYGULAMASI\ANKETUYGULAMASI.csproj", "{C8A0B31F-F93F-413F-8DB8-28FB82916834}"
EndProject
Global
	GlobalSection(SolutionConfigurationPlatforms) = preSolution
		Debug|Any CPU = Debug|Any CPU
		Release|Any CPU = Release|Any CPU
	EndGlobalSection
	GlobalSection(ProjectConfigurationPlatforms) = postSolution
		{C8A0B31F-F93F-413F-8DB8-28FB82916834}.Debug|Any CPU.ActiveCfg = Debug|Any CPU
		{C8A0B31F-F93F-413F-8DB8-28FB82916834}.Debug|Any CPU.Build.0 = Debug|Any CPU
		{C8A0B31F-F93F-413F-8DB8-28FB82916834}.Release|Any CPU.ActiveCfg = Release|Any CPU
		{C8A0B31F-F93F-413F-8DB8-28FB82916834}.Release|Any CPU.Build.0 = Release|Any CPU
	EndGlobalSection
	GlobalSection(SolutionProperties) = preSolution
		HideSolutionNode = FALSE
	EndGlobalSection
	GlobalSection(ExtensibilityGlobals) = postSolution
		SolutionGuid = {98787D82-B6D6-47FC-ADE1-420B9B3BA36F}
	EndGlobalSection
EndGlobal
